// !$*UTF8*$!
{
	archiveVersion = 1;
	classes = {
	};
	objectVersion = 50;
	objects = {

/* Begin PBXBuildFile section */
		2603EA3720FF21B0007BF05D /* AppDelegate.m in Sources */ = {isa = PBXBuildFile; fileRef = 2603EA3620FF21B0007BF05D /* AppDelegate.m */; };
		2603EA3A20FF21B0007BF05D /* ViewController.m in Sources */ = {isa = PBXBuildFile; fileRef = 2603EA3920FF21B0007BF05D /* ViewController.m */; };
		2603EA3D20FF21B0007BF05D /* Main.storyboard in Resources */ = {isa = PBXBuildFile; fileRef = 2603EA3B20FF21B0007BF05D /* Main.storyboard */; };
		2603EA3F20FF21B1007BF05D /* Assets.xcassets in Resources */ = {isa = PBXBuildFile; fileRef = 2603EA3E20FF21B1007BF05D /* Assets.xcassets */; };
		2603EA4220FF21B1007BF05D /* LaunchScreen.storyboard in Resources */ = {isa = PBXBuildFile; fileRef = 2603EA4020FF21B1007BF05D /* LaunchScreen.storyboard */; };
		2603EA4520FF21B1007BF05D /* main.m in Sources */ = {isa = PBXBuildFile; fileRef = 2603EA4420FF21B1007BF05D /* main.m */; };
		2603EA4F20FF21B1007BF05D /* MKInputViewDemoTests.m in Sources */ = {isa = PBXBuildFile; fileRef = 2603EA4E20FF21B1007BF05D /* MKInputViewDemoTests.m */; };
		2603EA5A20FF21B1007BF05D /* MKInputViewDemoUITests.m in Sources */ = {isa = PBXBuildFile; fileRef = 2603EA5920FF21B1007BF05D /* MKInputViewDemoUITests.m */; };
		2603EA6A20FF26AD007BF05D /* DatePickerCell.m in Sources */ = {isa = PBXBuildFile; fileRef = 2603EA6920FF26AD007BF05D /* DatePickerCell.m */; };
		2603EA6E20FF2FEF007BF05D /* ClickPickerCell.m in Sources */ = {isa = PBXBuildFile; fileRef = 2603EA6D20FF2FEF007BF05D /* ClickPickerCell.m */; };
		2603EAB120FF328B007BF05D /* NSLayoutConstraint+MASDebugAdditions.m in Sources */ = {isa = PBXBuildFile; fileRef = 2603EA9820FF328B007BF05D /* NSLayoutConstraint+MASDebugAdditions.m */; };
		2603EAB220FF328B007BF05D /* ViewController+MASAdditions.m in Sources */ = {isa = PBXBuildFile; fileRef = 2603EAA120FF328B007BF05D /* ViewController+MASAdditions.m */; };
		2603EAB320FF328B007BF05D /* MASCompositeConstraint.m in Sources */ = {isa = PBXBuildFile; fileRef = 2603EAA520FF328B007BF05D /* MASCompositeConstraint.m */; };
		2603EAB420FF328B007BF05D /* MASConstraintMaker.m in Sources */ = {isa = PBXBuildFile; fileRef = 2603EAA620FF328B007BF05D /* MASConstraintMaker.m */; };
		2603EAB520FF328B007BF05D /* MASLayoutConstraint.m in Sources */ = {isa = PBXBuildFile; fileRef = 2603EAA720FF328B007BF05D /* MASLayoutConstraint.m */; };
		2603EAB620FF328B007BF05D /* NSArray+MASAdditions.m in Sources */ = {isa = PBXBuildFile; fileRef = 2603EAA820FF328B007BF05D /* NSArray+MASAdditions.m */; };
		2603EAB720FF328B007BF05D /* View+MASAdditions.m in Sources */ = {isa = PBXBuildFile; fileRef = 2603EAA920FF328B007BF05D /* View+MASAdditions.m */; };
		2603EAB820FF328B007BF05D /* MASConstraint.m in Sources */ = {isa = PBXBuildFile; fileRef = 2603EAAC20FF328B007BF05D /* MASConstraint.m */; };
		2603EAB920FF328B007BF05D /* MASViewConstraint.m in Sources */ = {isa = PBXBuildFile; fileRef = 2603EAAE20FF328B007BF05D /* MASViewConstraint.m */; };
		2603EABA20FF328B007BF05D /* MASViewAttribute.m in Sources */ = {isa = PBXBuildFile; fileRef = 2603EAAF20FF328B007BF05D /* MASViewAttribute.m */; };
		2603EABB20FF328B007BF05D /* Info.plist in Resources */ = {isa = PBXBuildFile; fileRef = 2603EAB020FF328B007BF05D /* Info.plist */; };
		263501E52100237000585BE4 /* PickerViewCell.m in Sources */ = {isa = PBXBuildFile; fileRef = 263501E42100237000585BE4 /* PickerViewCell.m */; };
		263501E92100729000585BE4 /* MKDatePickerCell.swift in Sources */ = {isa = PBXBuildFile; fileRef = 263501E82100729000585BE4 /* MKDatePickerCell.swift */; };
		263501F52100897000585BE4 /* MKClickPickerCell.swift in Sources */ = {isa = PBXBuildFile; fileRef = 263501F42100897000585BE4 /* MKClickPickerCell.swift */; };
		2661E6C9210185EF00F82C46 /* MKPickerViewCell.swift in Sources */ = {isa = PBXBuildFile; fileRef = 2661E6C8210185EF00F82C46 /* MKPickerViewCell.swift */; };
		2661E6CB2101AE0C00F82C46 /* SwiftDemoViewController.swift in Sources */ = {isa = PBXBuildFile; fileRef = 2661E6CA2101AE0C00F82C46 /* SwiftDemoViewController.swift */; };
/* End PBXBuildFile section */

/* Begin PBXContainerItemProxy section */
		2603EA4B20FF21B1007BF05D /* PBXContainerItemProxy */ = {
			isa = PBXContainerItemProxy;
			containerPortal = 2603EA2A20FF21B0007BF05D /* Project object */;
			proxyType = 1;
			remoteGlobalIDString = 2603EA3120FF21B0007BF05D;
			remoteInfo = MKInputViewDemo;
		};
		2603EA5620FF21B1007BF05D /* PBXContainerItemProxy */ = {
			isa = PBXContainerItemProxy;
			containerPortal = 2603EA2A20FF21B0007BF05D /* Project object */;
			proxyType = 1;
			remoteGlobalIDString = 2603EA3120FF21B0007BF05D;
			remoteInfo = MKInputViewDemo;
		};
/* End PBXContainerItemProxy section */

/* Begin PBXFileReference section */
		2603EA3220FF21B0007BF05D /* MKInputViewDemo.app */ = {isa = PBXFileReference; explicitFileType = wrapper.application; includeInIndex = 0; path = MKInputViewDemo.app; sourceTree = BUILT_PRODUCTS_DIR; };
		2603EA3520FF21B0007BF05D /* AppDelegate.h */ = {isa = PBXFileReference; lastKnownFileType = sourcecode.c.h; path = AppDelegate.h; sourceTree = "<group>"; };
		2603EA3620FF21B0007BF05D /* AppDelegate.m */ = {isa = PBXFileReference; lastKnownFileType = sourcecode.c.objc; path = AppDelegate.m; sourceTree = "<group>"; };
		2603EA3820FF21B0007BF05D /* ViewController.h */ = {isa = PBXFileReference; lastKnownFileType = sourcecode.c.h; path = ViewController.h; sourceTree = "<group>"; };
		2603EA3920FF21B0007BF05D /* ViewController.m */ = {isa = PBXFileReference; lastKnownFileType = sourcecode.c.objc; path = ViewController.m; sourceTree = "<group>"; };
		2603EA3C20FF21B0007BF05D /* Base */ = {isa = PBXFileReference; lastKnownFileType = file.storyboard; name = Base; path = Base.lproj/Main.storyboard; sourceTree = "<group>"; };
		2603EA3E20FF21B1007BF05D /* Assets.xcassets */ = {isa = PBXFileReference; lastKnownFileType = folder.assetcatalog; path = Assets.xcassets; sourceTree = "<group>"; };
		2603EA4120FF21B1007BF05D /* Base */ = {isa = PBXFileReference; lastKnownFileType = file.storyboard; name = Base; path = Base.lproj/LaunchScreen.storyboard; sourceTree = "<group>"; };
		2603EA4320FF21B1007BF05D /* Info.plist */ = {isa = PBXFileReference; lastKnownFileType = text.plist.xml; path = Info.plist; sourceTree = "<group>"; };
		2603EA4420FF21B1007BF05D /* main.m */ = {isa = PBXFileReference; lastKnownFileType = sourcecode.c.objc; path = main.m; sourceTree = "<group>"; };
		2603EA4A20FF21B1007BF05D /* MKInputViewDemoTests.xctest */ = {isa = PBXFileReference; explicitFileType = wrapper.cfbundle; includeInIndex = 0; path = MKInputViewDemoTests.xctest; sourceTree = BUILT_PRODUCTS_DIR; };
		2603EA4E20FF21B1007BF05D /* MKInputViewDemoTests.m */ = {isa = PBXFileReference; lastKnownFileType = sourcecode.c.objc; path = MKInputViewDemoTests.m; sourceTree = "<group>"; };
		2603EA5020FF21B1007BF05D /* Info.plist */ = {isa = PBXFileReference; lastKnownFileType = text.plist.xml; path = Info.plist; sourceTree = "<group>"; };
		2603EA5520FF21B1007BF05D /* MKInputViewDemoUITests.xctest */ = {isa = PBXFileReference; explicitFileType = wrapper.cfbundle; includeInIndex = 0; path = MKInputViewDemoUITests.xctest; sourceTree = BUILT_PRODUCTS_DIR; };
		2603EA5920FF21B1007BF05D /* MKInputViewDemoUITests.m */ = {isa = PBXFileReference; lastKnownFileType = sourcecode.c.objc; path = MKInputViewDemoUITests.m; sourceTree = "<group>"; };
		2603EA5B20FF21B1007BF05D /* Info.plist */ = {isa = PBXFileReference; lastKnownFileType = text.plist.xml; path = Info.plist; sourceTree = "<group>"; };
		2603EA6820FF26AD007BF05D /* DatePickerCell.h */ = {isa = PBXFileReference; lastKnownFileType = sourcecode.c.h; path = DatePickerCell.h; sourceTree = "<group>"; };
		2603EA6920FF26AD007BF05D /* DatePickerCell.m */ = {isa = PBXFileReference; lastKnownFileType = sourcecode.c.objc; path = DatePickerCell.m; sourceTree = "<group>"; };
		2603EA6C20FF2FEF007BF05D /* ClickPickerCell.h */ = {isa = PBXFileReference; lastKnownFileType = sourcecode.c.h; path = ClickPickerCell.h; sourceTree = "<group>"; };
		2603EA6D20FF2FEF007BF05D /* ClickPickerCell.m */ = {isa = PBXFileReference; lastKnownFileType = sourcecode.c.objc; path = ClickPickerCell.m; sourceTree = "<group>"; };
		2603EA9720FF328B007BF05D /* MASCompositeConstraint.h */ = {isa = PBXFileReference; fileEncoding = 4; lastKnownFileType = sourcecode.c.h; path = MASCompositeConstraint.h; sourceTree = "<group>"; };
		2603EA9820FF328B007BF05D /* NSLayoutConstraint+MASDebugAdditions.m */ = {isa = PBXFileReference; fileEncoding = 4; lastKnownFileType = sourcecode.c.objc; path = "NSLayoutConstraint+MASDebugAdditions.m"; sourceTree = "<group>"; };
		2603EA9920FF328B007BF05D /* MASConstraint+Private.h */ = {isa = PBXFileReference; fileEncoding = 4; lastKnownFileType = sourcecode.c.h; path = "MASConstraint+Private.h"; sourceTree = "<group>"; };
		2603EA9A20FF328B007BF05D /* MASLayoutConstraint.h */ = {isa = PBXFileReference; fileEncoding = 4; lastKnownFileType = sourcecode.c.h; path = MASLayoutConstraint.h; sourceTree = "<group>"; };
		2603EA9B20FF328B007BF05D /* NSArray+MASShorthandAdditions.h */ = {isa = PBXFileReference; fileEncoding = 4; lastKnownFileType = sourcecode.c.h; path = "NSArray+MASShorthandAdditions.h"; sourceTree = "<group>"; };
		2603EA9C20FF328B007BF05D /* MASConstraintMaker.h */ = {isa = PBXFileReference; fileEncoding = 4; lastKnownFileType = sourcecode.c.h; path = MASConstraintMaker.h; sourceTree = "<group>"; };
		2603EA9D20FF328B007BF05D /* View+MASAdditions.h */ = {isa = PBXFileReference; fileEncoding = 4; lastKnownFileType = sourcecode.c.h; path = "View+MASAdditions.h"; sourceTree = "<group>"; };
		2603EA9E20FF328B007BF05D /* NSArray+MASAdditions.h */ = {isa = PBXFileReference; fileEncoding = 4; lastKnownFileType = sourcecode.c.h; path = "NSArray+MASAdditions.h"; sourceTree = "<group>"; };
		2603EA9F20FF328B007BF05D /* MASUtilities.h */ = {isa = PBXFileReference; fileEncoding = 4; lastKnownFileType = sourcecode.c.h; path = MASUtilities.h; sourceTree = "<group>"; };
		2603EAA020FF328B007BF05D /* MASViewAttribute.h */ = {isa = PBXFileReference; fileEncoding = 4; lastKnownFileType = sourcecode.c.h; path = MASViewAttribute.h; sourceTree = "<group>"; };
		2603EAA120FF328B007BF05D /* ViewController+MASAdditions.m */ = {isa = PBXFileReference; fileEncoding = 4; lastKnownFileType = sourcecode.c.objc; path = "ViewController+MASAdditions.m"; sourceTree = "<group>"; };
		2603EAA220FF328B007BF05D /* MASViewConstraint.h */ = {isa = PBXFileReference; fileEncoding = 4; lastKnownFileType = sourcecode.c.h; path = MASViewConstraint.h; sourceTree = "<group>"; };
		2603EAA320FF328B007BF05D /* MASConstraint.h */ = {isa = PBXFileReference; fileEncoding = 4; lastKnownFileType = sourcecode.c.h; path = MASConstraint.h; sourceTree = "<group>"; };
		2603EAA420FF328B007BF05D /* NSLayoutConstraint+MASDebugAdditions.h */ = {isa = PBXFileReference; fileEncoding = 4; lastKnownFileType = sourcecode.c.h; path = "NSLayoutConstraint+MASDebugAdditions.h"; sourceTree = "<group>"; };
		2603EAA520FF328B007BF05D /* MASCompositeConstraint.m */ = {isa = PBXFileReference; fileEncoding = 4; lastKnownFileType = sourcecode.c.objc; path = MASCompositeConstraint.m; sourceTree = "<group>"; };
		2603EAA620FF328B007BF05D /* MASConstraintMaker.m */ = {isa = PBXFileReference; fileEncoding = 4; lastKnownFileType = sourcecode.c.objc; path = MASConstraintMaker.m; sourceTree = "<group>"; };
		2603EAA720FF328B007BF05D /* MASLayoutConstraint.m */ = {isa = PBXFileReference; fileEncoding = 4; lastKnownFileType = sourcecode.c.objc; path = MASLayoutConstraint.m; sourceTree = "<group>"; };
		2603EAA820FF328B007BF05D /* NSArray+MASAdditions.m */ = {isa = PBXFileReference; fileEncoding = 4; lastKnownFileType = sourcecode.c.objc; path = "NSArray+MASAdditions.m"; sourceTree = "<group>"; };
		2603EAA920FF328B007BF05D /* View+MASAdditions.m */ = {isa = PBXFileReference; fileEncoding = 4; lastKnownFileType = sourcecode.c.objc; path = "View+MASAdditions.m"; sourceTree = "<group>"; };
		2603EAAA20FF328B007BF05D /* View+MASShorthandAdditions.h */ = {isa = PBXFileReference; fileEncoding = 4; lastKnownFileType = sourcecode.c.h; path = "View+MASShorthandAdditions.h"; sourceTree = "<group>"; };
		2603EAAB20FF328B007BF05D /* Masonry.h */ = {isa = PBXFileReference; fileEncoding = 4; lastKnownFileType = sourcecode.c.h; path = Masonry.h; sourceTree = "<group>"; };
		2603EAAC20FF328B007BF05D /* MASConstraint.m */ = {isa = PBXFileReference; fileEncoding = 4; lastKnownFileType = sourcecode.c.objc; path = MASConstraint.m; sourceTree = "<group>"; };
		2603EAAD20FF328B007BF05D /* ViewController+MASAdditions.h */ = {isa = PBXFileReference; fileEncoding = 4; lastKnownFileType = sourcecode.c.h; path = "ViewController+MASAdditions.h"; sourceTree = "<group>"; };
		2603EAAE20FF328B007BF05D /* MASViewConstraint.m */ = {isa = PBXFileReference; fileEncoding = 4; lastKnownFileType = sourcecode.c.objc; path = MASViewConstraint.m; sourceTree = "<group>"; };
		2603EAAF20FF328B007BF05D /* MASViewAttribute.m */ = {isa = PBXFileReference; fileEncoding = 4; lastKnownFileType = sourcecode.c.objc; path = MASViewAttribute.m; sourceTree = "<group>"; };
		2603EAB020FF328B007BF05D /* Info.plist */ = {isa = PBXFileReference; fileEncoding = 4; lastKnownFileType = text.plist.xml; path = Info.plist; sourceTree = "<group>"; };
		263501E32100237000585BE4 /* PickerViewCell.h */ = {isa = PBXFileReference; lastKnownFileType = sourcecode.c.h; path = PickerViewCell.h; sourceTree = "<group>"; };
		263501E42100237000585BE4 /* PickerViewCell.m */ = {isa = PBXFileReference; lastKnownFileType = sourcecode.c.objc; path = PickerViewCell.m; sourceTree = "<group>"; };
		263501E72100729000585BE4 /* MKInputViewDemo-Bridging-Header.h */ = {isa = PBXFileReference; lastKnownFileType = sourcecode.c.h; path = "MKInputViewDemo-Bridging-Header.h"; sourceTree = "<group>"; };
		263501E82100729000585BE4 /* MKDatePickerCell.swift */ = {isa = PBXFileReference; lastKnownFileType = sourcecode.swift; path = MKDatePickerCell.swift; sourceTree = "<group>"; };
		263501F42100897000585BE4 /* MKClickPickerCell.swift */ = {isa = PBXFileReference; lastKnownFileType = sourcecode.swift; path = MKClickPickerCell.swift; sourceTree = "<group>"; };
		2661E6C8210185EF00F82C46 /* MKPickerViewCell.swift */ = {isa = PBXFileReference; lastKnownFileType = sourcecode.swift; path = MKPickerViewCell.swift; sourceTree = "<group>"; };
		2661E6CA2101AE0C00F82C46 /* SwiftDemoViewController.swift */ = {isa = PBXFileReference; lastKnownFileType = sourcecode.swift; path = SwiftDemoViewController.swift; sourceTree = "<group>"; };
/* End PBXFileReference section */

/* Begin PBXFrameworksBuildPhase section */
		2603EA2F20FF21B0007BF05D /* Frameworks */ = {
			isa = PBXFrameworksBuildPhase;
			buildActionMask = 2147483647;
			files = (
			);
			runOnlyForDeploymentPostprocessing = 0;
		};
		2603EA4720FF21B1007BF05D /* Frameworks */ = {
			isa = PBXFrameworksBuildPhase;
			buildActionMask = 2147483647;
			files = (
			);
			runOnlyForDeploymentPostprocessing = 0;
		};
		2603EA5220FF21B1007BF05D /* Frameworks */ = {
			isa = PBXFrameworksBuildPhase;
			buildActionMask = 2147483647;
			files = (
			);
			runOnlyForDeploymentPostprocessing = 0;
		};
/* End PBXFrameworksBuildPhase section */

/* Begin PBXGroup section */
		2603EA2920FF21B0007BF05D = {
			isa = PBXGroup;
			children = (
				2603EA3420FF21B0007BF05D /* MKInputViewDemo */,
				2603EA4D20FF21B1007BF05D /* MKInputViewDemoTests */,
				2603EA5820FF21B1007BF05D /* MKInputViewDemoUITests */,
				2603EA3320FF21B0007BF05D /* Products */,
			);
			sourceTree = "<group>";
		};
		2603EA3320FF21B0007BF05D /* Products */ = {
			isa = PBXGroup;
			children = (
				2603EA3220FF21B0007BF05D /* MKInputViewDemo.app */,
				2603EA4A20FF21B1007BF05D /* MKInputViewDemoTests.xctest */,
				2603EA5520FF21B1007BF05D /* MKInputViewDemoUITests.xctest */,
			);
			name = Products;
			sourceTree = "<group>";
		};
		2603EA3420FF21B0007BF05D /* MKInputViewDemo */ = {
			isa = PBXGroup;
			children = (
				263501E72100729000585BE4 /* MKInputViewDemo-Bridging-Header.h */,
				2603EA9620FF328B007BF05D /* Masonry */,
				2603EA3520FF21B0007BF05D /* AppDelegate.h */,
				2603EA3620FF21B0007BF05D /* AppDelegate.m */,
				2603EA3820FF21B0007BF05D /* ViewController.h */,
				2603EA3920FF21B0007BF05D /* ViewController.m */,
				2661E6CA2101AE0C00F82C46 /* SwiftDemoViewController.swift */,
				2603EA3B20FF21B0007BF05D /* Main.storyboard */,
				2603EA3E20FF21B1007BF05D /* Assets.xcassets */,
				2603EA4020FF21B1007BF05D /* LaunchScreen.storyboard */,
				2603EA4320FF21B1007BF05D /* Info.plist */,
				2603EA4420FF21B1007BF05D /* main.m */,
				2603EA6820FF26AD007BF05D /* DatePickerCell.h */,
				2603EA6920FF26AD007BF05D /* DatePickerCell.m */,
				2603EA6C20FF2FEF007BF05D /* ClickPickerCell.h */,
				2603EA6D20FF2FEF007BF05D /* ClickPickerCell.m */,
				263501E32100237000585BE4 /* PickerViewCell.h */,
				263501E42100237000585BE4 /* PickerViewCell.m */,
				263501E82100729000585BE4 /* MKDatePickerCell.swift */,
				263501F42100897000585BE4 /* MKClickPickerCell.swift */,
				2661E6C8210185EF00F82C46 /* MKPickerViewCell.swift */,
			);
			path = MKInputViewDemo;
			sourceTree = "<group>";
		};
		2603EA4D20FF21B1007BF05D /* MKInputViewDemoTests */ = {
			isa = PBXGroup;
			children = (
				2603EA4E20FF21B1007BF05D /* MKInputViewDemoTests.m */,
				2603EA5020FF21B1007BF05D /* Info.plist */,
			);
			path = MKInputViewDemoTests;
			sourceTree = "<group>";
		};
		2603EA5820FF21B1007BF05D /* MKInputViewDemoUITests */ = {
			isa = PBXGroup;
			children = (
				2603EA5920FF21B1007BF05D /* MKInputViewDemoUITests.m */,
				2603EA5B20FF21B1007BF05D /* Info.plist */,
			);
			path = MKInputViewDemoUITests;
			sourceTree = "<group>";
		};
		2603EA9620FF328B007BF05D /* Masonry */ = {
			isa = PBXGroup;
			children = (
				2603EA9720FF328B007BF05D /* MASCompositeConstraint.h */,
				2603EA9820FF328B007BF05D /* NSLayoutConstraint+MASDebugAdditions.m */,
				2603EA9920FF328B007BF05D /* MASConstraint+Private.h */,
				2603EA9A20FF328B007BF05D /* MASLayoutConstraint.h */,
				2603EA9B20FF328B007BF05D /* NSArray+MASShorthandAdditions.h */,
				2603EA9C20FF328B007BF05D /* MASConstraintMaker.h */,
				2603EA9D20FF328B007BF05D /* View+MASAdditions.h */,
				2603EA9E20FF328B007BF05D /* NSArray+MASAdditions.h */,
				2603EA9F20FF328B007BF05D /* MASUtilities.h */,
				2603EAA020FF328B007BF05D /* MASViewAttribute.h */,
				2603EAA120FF328B007BF05D /* ViewController+MASAdditions.m */,
				2603EAA220FF328B007BF05D /* MASViewConstraint.h */,
				2603EAA320FF328B007BF05D /* MASConstraint.h */,
				2603EAA420FF328B007BF05D /* NSLayoutConstraint+MASDebugAdditions.h */,
				2603EAA520FF328B007BF05D /* MASCompositeConstraint.m */,
				2603EAA620FF328B007BF05D /* MASConstraintMaker.m */,
				2603EAA720FF328B007BF05D /* MASLayoutConstraint.m */,
				2603EAA820FF328B007BF05D /* NSArray+MASAdditions.m */,
				2603EAA920FF328B007BF05D /* View+MASAdditions.m */,
				2603EAAA20FF328B007BF05D /* View+MASShorthandAdditions.h */,
				2603EAAB20FF328B007BF05D /* Masonry.h */,
				2603EAAC20FF328B007BF05D /* MASConstraint.m */,
				2603EAAD20FF328B007BF05D /* ViewController+MASAdditions.h */,
				2603EAAE20FF328B007BF05D /* MASViewConstraint.m */,
				2603EAAF20FF328B007BF05D /* MASViewAttribute.m */,
				2603EAB020FF328B007BF05D /* Info.plist */,
			);
			name = Masonry;
			path = Masonry/Masonry;
			sourceTree = "<group>";
		};
/* End PBXGroup section */

/* Begin PBXNativeTarget section */
		2603EA3120FF21B0007BF05D /* MKInputViewDemo */ = {
			isa = PBXNativeTarget;
			buildConfigurationList = 2603EA5E20FF21B1007BF05D /* Build configuration list for PBXNativeTarget "MKInputViewDemo" */;
			buildPhases = (
				2603EA2E20FF21B0007BF05D /* Sources */,
				2603EA2F20FF21B0007BF05D /* Frameworks */,
				2603EA3020FF21B0007BF05D /* Resources */,
			);
			buildRules = (
			);
			dependencies = (
			);
			name = MKInputViewDemo;
			productName = MKInputViewDemo;
			productReference = 2603EA3220FF21B0007BF05D /* MKInputViewDemo.app */;
			productType = "com.apple.product-type.application";
		};
		2603EA4920FF21B1007BF05D /* MKInputViewDemoTests */ = {
			isa = PBXNativeTarget;
			buildConfigurationList = 2603EA6120FF21B1007BF05D /* Build configuration list for PBXNativeTarget "MKInputViewDemoTests" */;
			buildPhases = (
				2603EA4620FF21B1007BF05D /* Sources */,
				2603EA4720FF21B1007BF05D /* Frameworks */,
				2603EA4820FF21B1007BF05D /* Resources */,
			);
			buildRules = (
			);
			dependencies = (
				2603EA4C20FF21B1007BF05D /* PBXTargetDependency */,
			);
			name = MKInputViewDemoTests;
			productName = MKInputViewDemoTests;
			productReference = 2603EA4A20FF21B1007BF05D /* MKInputViewDemoTests.xctest */;
			productType = "com.apple.product-type.bundle.unit-test";
		};
		2603EA5420FF21B1007BF05D /* MKInputViewDemoUITests */ = {
			isa = PBXNativeTarget;
			buildConfigurationList = 2603EA6420FF21B1007BF05D /* Build configuration list for PBXNativeTarget "MKInputViewDemoUITests" */;
			buildPhases = (
				2603EA5120FF21B1007BF05D /* Sources */,
				2603EA5220FF21B1007BF05D /* Frameworks */,
				2603EA5320FF21B1007BF05D /* Resources */,
			);
			buildRules = (
			);
			dependencies = (
				2603EA5720FF21B1007BF05D /* PBXTargetDependency */,
			);
			name = MKInputViewDemoUITests;
			productName = MKInputViewDemoUITests;
			productReference = 2603EA5520FF21B1007BF05D /* MKInputViewDemoUITests.xctest */;
			productType = "com.apple.product-type.bundle.ui-testing";
		};
/* End PBXNativeTarget section */

/* Begin PBXProject section */
		2603EA2A20FF21B0007BF05D /* Project object */ = {
			isa = PBXProject;
			attributes = {
				LastUpgradeCheck = 0940;
				ORGANIZATIONNAME = MAKE;
				TargetAttributes = {
					2603EA3120FF21B0007BF05D = {
						CreatedOnToolsVersion = 9.4.1;
						LastSwiftMigration = 0940;
					};
					2603EA4920FF21B1007BF05D = {
						CreatedOnToolsVersion = 9.4.1;
						TestTargetID = 2603EA3120FF21B0007BF05D;
					};
					2603EA5420FF21B1007BF05D = {
						CreatedOnToolsVersion = 9.4.1;
						TestTargetID = 2603EA3120FF21B0007BF05D;
					};
				};
			};
			buildConfigurationList = 2603EA2D20FF21B0007BF05D /* Build configuration list for PBXProject "MKInputViewDemo" */;
			compatibilityVersion = "Xcode 9.3";
			developmentRegion = en;
			hasScannedForEncodings = 0;
			knownRegions = (
				en,
				Base,
			);
			mainGroup = 2603EA2920FF21B0007BF05D;
			productRefGroup = 2603EA3320FF21B0007BF05D /* Products */;
			projectDirPath = "";
			projectRoot = "";
			targets = (
				2603EA3120FF21B0007BF05D /* MKInputViewDemo */,
				2603EA4920FF21B1007BF05D /* MKInputViewDemoTests */,
				2603EA5420FF21B1007BF05D /* MKInputViewDemoUITests */,
			);
		};
/* End PBXProject section */

/* Begin PBXResourcesBuildPhase section */
		2603EA3020FF21B0007BF05D /* Resources */ = {
			isa = PBXResourcesBuildPhase;
			buildActionMask = 2147483647;
			files = (
				2603EABB20FF328B007BF05D /* Info.plist in Resources */,
				2603EA4220FF21B1007BF05D /* LaunchScreen.storyboard in Resources */,
				2603EA3F20FF21B1007BF05D /* Assets.xcassets in Resources */,
				2603EA3D20FF21B0007BF05D /* Main.storyboard in Resources */,
			);
			runOnlyForDeploymentPostprocessing = 0;
		};
		2603EA4820FF21B1007BF05D /* Resources */ = {
			isa = PBXResourcesBuildPhase;
			buildActionMask = 2147483647;
			files = (
			);
			runOnlyForDeploymentPostprocessing = 0;
		};
		2603EA5320FF21B1007BF05D /* Resources */ = {
			isa = PBXResourcesBuildPhase;
			buildActionMask = 2147483647;
			files = (
			);
			runOnlyForDeploymentPostprocessing = 0;
		};
/* End PBXResourcesBuildPhase section */

/* Begin PBXSourcesBuildPhase section */
		2603EA2E20FF21B0007BF05D /* Sources */ = {
			isa = PBXSourcesBuildPhase;
			buildActionMask = 2147483647;
			files = (
				263501E92100729000585BE4 /* MKDatePickerCell.swift in Sources */,
				2603EA3A20FF21B0007BF05D /* ViewController.m in Sources */,
				2603EA4520FF21B1007BF05D /* main.m in Sources */,
				263501F52100897000585BE4 /* MKClickPickerCell.swift in Sources */,
				2603EAB520FF328B007BF05D /* MASLayoutConstraint.m in Sources */,
				2603EA3720FF21B0007BF05D /* AppDelegate.m in Sources */,
				2603EA6A20FF26AD007BF05D /* DatePickerCell.m in Sources */,
				2603EABA20FF328B007BF05D /* MASViewAttribute.m in Sources */,
				2603EAB620FF328B007BF05D /* NSArray+MASAdditions.m in Sources */,
				2661E6CB2101AE0C00F82C46 /* SwiftDemoViewController.swift in Sources */,
				2603EAB320FF328B007BF05D /* MASCompositeConstraint.m in Sources */,
				2603EAB420FF328B007BF05D /* MASConstraintMaker.m in Sources */,
				2603EAB720FF328B007BF05D /* View+MASAdditions.m in Sources */,
				2603EAB220FF328B007BF05D /* ViewController+MASAdditions.m in Sources */,
				2661E6C9210185EF00F82C46 /* MKPickerViewCell.swift in Sources */,
				2603EA6E20FF2FEF007BF05D /* ClickPickerCell.m in Sources */,
				2603EAB920FF328B007BF05D /* MASViewConstraint.m in Sources */,
				263501E52100237000585BE4 /* PickerViewCell.m in Sources */,
				2603EAB120FF328B007BF05D /* NSLayoutConstraint+MASDebugAdditions.m in Sources */,
				2603EAB820FF328B007BF05D /* MASConstraint.m in Sources */,
			);
			runOnlyForDeploymentPostprocessing = 0;
		};
		2603EA4620FF21B1007BF05D /* Sources */ = {
			isa = PBXSourcesBuildPhase;
			buildActionMask = 2147483647;
			files = (
				2603EA4F20FF21B1007BF05D /* MKInputViewDemoTests.m in Sources */,
			);
			runOnlyForDeploymentPostprocessing = 0;
		};
		2603EA5120FF21B1007BF05D /* Sources */ = {
			isa = PBXSourcesBuildPhase;
			buildActionMask = 2147483647;
			files = (
				2603EA5A20FF21B1007BF05D /* MKInputViewDemoUITests.m in Sources */,
			);
			runOnlyForDeploymentPostprocessing = 0;
		};
/* End PBXSourcesBuildPhase section */

/* Begin PBXTargetDependency section */
		2603EA4C20FF21B1007BF05D /* PBXTargetDependency */ = {
			isa = PBXTargetDependency;
			target = 2603EA3120FF21B0007BF05D /* MKInputViewDemo */;
			targetProxy = 2603EA4B20FF21B1007BF05D /* PBXContainerItemProxy */;
		};
		2603EA5720FF21B1007BF05D /* PBXTargetDependency */ = {
			isa = PBXTargetDependency;
			target = 2603EA3120FF21B0007BF05D /* MKInputViewDemo */;
			targetProxy = 2603EA5620FF21B1007BF05D /* PBXContainerItemProxy */;
		};
/* End PBXTargetDependency section */

/* Begin PBXVariantGroup section */
		2603EA3B20FF21B0007BF05D /* Main.storyboard */ = {
			isa = PBXVariantGroup;
			children = (
				2603EA3C20FF21B0007BF05D /* Base */,
			);
			name = Main.storyboard;
			sourceTree = "<group>";
		};
		2603EA4020FF21B1007BF05D /* LaunchScreen.storyboard */ = {
			isa = PBXVariantGroup;
			children = (
				2603EA4120FF21B1007BF05D /* Base */,
			);
			name = LaunchScreen.storyboard;
			sourceTree = "<group>";
		};
/* End PBXVariantGroup section */

/* Begin XCBuildConfiguration section */
		2603EA5C20FF21B1007BF05D /* Debug */ = {
			isa = XCBuildConfiguration;
			buildSettings = {
				ALWAYS_SEARCH_USER_PATHS = NO;
				CLANG_ANALYZER_NONNULL = YES;
				CLANG_ANALYZER_NUMBER_OBJECT_CONVERSION = YES_AGGRESSIVE;
				CLANG_CXX_LANGUAGE_STANDARD = "gnu++14";
				CLANG_CXX_LIBRARY = "libc++";
				CLANG_ENABLE_MODULES = YES;
				CLANG_ENABLE_OBJC_ARC = YES;
				CLANG_ENABLE_OBJC_WEAK = YES;
				CLANG_WARN_BLOCK_CAPTURE_AUTORELEASING = YES;
				CLANG_WARN_BOOL_CONVERSION = YES;
				CLANG_WARN_COMMA = YES;
				CLANG_WARN_CONSTANT_CONVERSION = YES;
				CLANG_WARN_DEPRECATED_OBJC_IMPLEMENTATIONS = YES;
				CLANG_WARN_DIRECT_OBJC_ISA_USAGE = YES_ERROR;
				CLANG_WARN_DOCUMENTATION_COMMENTS = YES;
				CLANG_WARN_EMPTY_BODY = YES;
				CLANG_WARN_ENUM_CONVERSION = YES;
				CLANG_WARN_INFINITE_RECURSION = YES;
				CLANG_WARN_INT_CONVERSION = YES;
				CLANG_WARN_NON_LITERAL_NULL_CONVERSION = YES;
				CLANG_WARN_OBJC_IMPLICIT_RETAIN_SELF = YES;
				CLANG_WARN_OBJC_LITERAL_CONVERSION = YES;
				CLANG_WARN_OBJC_ROOT_CLASS = YES_ERROR;
				CLANG_WARN_RANGE_LOOP_ANALYSIS = YES;
				CLANG_WARN_STRICT_PROTOTYPES = YES;
				CLANG_WARN_SUSPICIOUS_MOVE = YES;
				CLANG_WARN_UNGUARDED_AVAILABILITY = YES_AGGRESSIVE;
				CLANG_WARN_UNREACHABLE_CODE = YES;
				CLANG_WARN__DUPLICATE_METHOD_MATCH = YES;
				CODE_SIGN_IDENTITY = "iPhone Developer";
				COPY_PHASE_STRIP = NO;
				DEBUG_INFORMATION_FORMAT = dwarf;
				ENABLE_STRICT_OBJC_MSGSEND = YES;
				ENABLE_TESTABILITY = YES;
				GCC_C_LANGUAGE_STANDARD = gnu11;
				GCC_DYNAMIC_NO_PIC = NO;
				GCC_NO_COMMON_BLOCKS = YES;
				GCC_OPTIMIZATION_LEVEL = 0;
				GCC_PREPROCESSOR_DEFINITIONS = (
					"DEBUG=1",
					"$(inherited)",
				);
				GCC_WARN_64_TO_32_BIT_CONVERSION = YES;
				GCC_WARN_ABOUT_RETURN_TYPE = YES_ERROR;
				GCC_WARN_UNDECLARED_SELECTOR = YES;
				GCC_WARN_UNINITIALIZED_AUTOS = YES_AGGRESSIVE;
				GCC_WARN_UNUSED_FUNCTION = YES;
				GCC_WARN_UNUSED_VARIABLE = YES;
				IPHONEOS_DEPLOYMENT_TARGET = 11.4;
				MTL_ENABLE_DEBUG_INFO = YES;
				ONLY_ACTIVE_ARCH = YES;
				SDKROOT = iphoneos;
			};
			name = Debug;
		};
		2603EA5D20FF21B1007BF05D /* Release */ = {
			isa = XCBuildConfiguration;
			buildSettings = {
				ALWAYS_SEARCH_USER_PATHS = NO;
				CLANG_ANALYZER_NONNULL = YES;
				CLANG_ANALYZER_NUMBER_OBJECT_CONVERSION = YES_AGGRESSIVE;
				CLANG_CXX_LANGUAGE_STANDARD = "gnu++14";
				CLANG_CXX_LIBRARY = "libc++";
				CLANG_ENABLE_MODULES = YES;
				CLANG_ENABLE_OBJC_ARC = YES;
				CLANG_ENABLE_OBJC_WEAK = YES;
				CLANG_WARN_BLOCK_CAPTURE_AUTORELEASING = YES;
				CLANG_WARN_BOOL_CONVERSION = YES;
				CLANG_WARN_COMMA = YES;
				CLANG_WARN_CONSTANT_CONVERSION = YES;
				CLANG_WARN_DEPRECATED_OBJC_IMPLEMENTATIONS = YES;
				CLANG_WARN_DIRECT_OBJC_ISA_USAGE = YES_ERROR;
				CLANG_WARN_DOCUMENTATION_COMMENTS = YES;
				CLANG_WARN_EMPTY_BODY = YES;
				CLANG_WARN_ENUM_CONVERSION = YES;
				CLANG_WARN_INFINITE_RECURSION = YES;
				CLANG_WARN_INT_CONVERSION = YES;
				CLANG_WARN_NON_LITERAL_NULL_CONVERSION = YES;
				CLANG_WARN_OBJC_IMPLICIT_RETAIN_SELF = YES;
				CLANG_WARN_OBJC_LITERAL_CONVERSION = YES;
				CLANG_WARN_OBJC_ROOT_CLASS = YES_ERROR;
				CLANG_WARN_RANGE_LOOP_ANALYSIS = YES;
				CLANG_WARN_STRICT_PROTOTYPES = YES;
				CLANG_WARN_SUSPICIOUS_MOVE = YES;
				CLANG_WARN_UNGUARDED_AVAILABILITY = YES_AGGRESSIVE;
				CLANG_WARN_UNREACHABLE_CODE = YES;
				CLANG_WARN__DUPLICATE_METHOD_MATCH = YES;
				CODE_SIGN_IDENTITY = "iPhone Developer";
				COPY_PHASE_STRIP = NO;
				DEBUG_INFORMATION_FORMAT = "dwarf-with-dsym";
				ENABLE_NS_ASSERTIONS = NO;
				ENABLE_STRICT_OBJC_MSGSEND = YES;
				GCC_C_LANGUAGE_STANDARD = gnu11;
				GCC_NO_COMMON_BLOCKS = YES;
				GCC_WARN_64_TO_32_BIT_CONVERSION = YES;
				GCC_WARN_ABOUT_RETURN_TYPE = YES_ERROR;
				GCC_WARN_UNDECLARED_SELECTOR = YES;
				GCC_WARN_UNINITIALIZED_AUTOS = YES_AGGRESSIVE;
				GCC_WARN_UNUSED_FUNCTION = YES;
				GCC_WARN_UNUSED_VARIABLE = YES;
				IPHONEOS_DEPLOYMENT_TARGET = 11.4;
				MTL_ENABLE_DEBUG_INFO = NO;
				SDKROOT = iphoneos;
				VALIDATE_PRODUCT = YES;
			};
			name = Release;
		};
		2603EA5F20FF21B1007BF05D /* Debug */ = {
			isa = XCBuildConfiguration;
			buildSettings = {
				ASSETCATALOG_COMPILER_APPICON_NAME = AppIcon;
				CLANG_ENABLE_MODULES = YES;
				CODE_SIGN_STYLE = Automatic;
				DEFINES_MODULE = YES;
				INFOPLIST_FILE = MKInputViewDemo/Info.plist;
				LD_RUNPATH_SEARCH_PATHS = (
					"$(inherited)",
					"@executable_path/Frameworks",
				);
				PRODUCT_BUNDLE_IDENTIFIER = de.MKInputViewDemo;
				PRODUCT_NAME = "$(TARGET_NAME)";
				SWIFT_OBJC_BRIDGING_HEADER = "MKInputViewDemo/MKInputViewDemo-Bridging-Header.h";
				SWIFT_OPTIMIZATION_LEVEL = "-Onone";
				SWIFT_VERSION = 3.0;
				TARGETED_DEVICE_FAMILY = "1,2";
			};
			name = Debug;
		};
		2603EA6020FF21B1007BF05D /* Release */ = {
			isa = XCBuildConfiguration;
			buildSettings = {
				ASSETCATALOG_COMPILER_APPICON_NAME = AppIcon;
				CLANG_ENABLE_MODULES = YES;
				CODE_SIGN_STYLE = Automatic;
				DEFINES_MODULE = YES;
				INFOPLIST_FILE = MKInputViewDemo/Info.plist;
				LD_RUNPATH_SEARCH_PATHS = (
					"$(inherited)",
					"@executable_path/Frameworks",
				);
				PRODUCT_BUNDLE_IDENTIFIER = de.MKInputViewDemo;
				PRODUCT_NAME = "$(TARGET_NAME)";
				SWIFT_OBJC_BRIDGING_HEADER = "MKInputViewDemo/MKInputViewDemo-Bridging-Header.h";
				SWIFT_VERSION = 3.0;
				TARGETED_DEVICE_FAMILY = "1,2";
			};
			name = Release;
		};
		2603EA6220FF21B1007BF05D /* Debug */ = {
			isa = XCBuildConfiguration;
			buildSettings = {
				ALWAYS_EMBED_SWIFT_STANDARD_LIBRARIES = YES;
				BUNDLE_LOADER = "$(TEST_HOST)";
				CODE_SIGN_STYLE = Automatic;
				INFOPLIST_FILE = MKInputViewDemoTests/Info.plist;
				LD_RUNPATH_SEARCH_PATHS = (
					"$(inherited)",
					"@executable_path/Frameworks",
					"@loader_path/Frameworks",
				);
				PRODUCT_BUNDLE_IDENTIFIER = de.MKInputViewDemoTests;
				PRODUCT_NAME = "$(TARGET_NAME)";
				TARGETED_DEVICE_FAMILY = "1,2";
				TEST_HOST = "$(BUILT_PRODUCTS_DIR)/MKInputViewDemo.app/MKInputViewDemo";
			};
			name = Debug;
		};
		2603EA6320FF21B1007BF05D /* Release */ = {
			isa = XCBuildConfiguration;
			buildSettings = {
				ALWAYS_EMBED_SWIFT_STANDARD_LIBRARIES = YES;
				BUNDLE_LOADER = "$(TEST_HOST)";
				CODE_SIGN_STYLE = Automatic;
				INFOPLIST_FILE = MKInputViewDemoTests/Info.plist;
				LD_RUNPATH_SEARCH_PATHS = (
					"$(inherited)",
					"@executable_path/Frameworks",
					"@loader_path/Frameworks",
				);
				PRODUCT_BUNDLE_IDENTIFIER = de.MKInputViewDemoTests;
				PRODUCT_NAME = "$(TARGET_NAME)";
				TARGETED_DEVICE_FAMILY = "1,2";
				TEST_HOST = "$(BUILT_PRODUCTS_DIR)/MKInputViewDemo.app/MKInputViewDemo";
			};
			name = Release;
		};
		2603EA6520FF21B1007BF05D /* Debug */ = {
			isa = XCBuildConfiguration;
			buildSettings = {
				ALWAYS_EMBED_SWIFT_STANDARD_LIBRARIES = YES;
				CODE_SIGN_STYLE = Automatic;
				INFOPLIST_FILE = MKInputViewDemoUITests/Info.plist;
				LD_RUNPATH_SEARCH_PATHS = (
					"$(inherited)",
					"@executable_path/Frameworks",
					"@loader_path/Frameworks",
				);
				PRODUCT_BUNDLE_IDENTIFIER = de.MKInputViewDemoUITests;
				PRODUCT_NAME = "$(TARGET_NAME)";
				TARGETED_DEVICE_FAMILY = "1,2";
				TEST_TARGET_NAME = MKInputViewDemo;
			};
			name = Debug;
		};
		2603EA6620FF21B1007BF05D /* Release */ = {
			isa = XCBuildConfiguration;
			buildSettings = {
				ALWAYS_EMBED_SWIFT_STANDARD_LIBRARIES = YES;
				CODE_SIGN_STYLE = Automatic;
				INFOPLIST_FILE = MKInputViewDemoUITests/Info.plist;
				LD_RUNPATH_SEARCH_PATHS = (
					"$(inherited)",
					"@executable_path/Frameworks",
					"@loader_path/Frameworks",
				);
				PRODUCT_BUNDLE_IDENTIFIER = de.MKInputViewDemoUITests;
				PRODUCT_NAME = "$(TARGET_NAME)";
				TARGETED_DEVICE_FAMILY = "1,2";
				TEST_TARGET_NAME = MKInputViewDemo;
			};
			name = Release;
		};
/* End XCBuildConfiguration section */

/* Begin XCConfigurationList section */
		2603EA2D20FF21B0007BF05D /* Build configuration list for PBXProject "MKInputViewDemo" */ = {
			isa = XCConfigurationList;
			buildConfigurations = (
				2603EA5C20FF21B1007BF05D /* Debug */,
				2603EA5D20FF21B1007BF05D /* Release */,
			);
			defaultConfigurationIsVisible = 0;
			defaultConfigurationName = Release;
		};
		2603EA5E20FF21B1007BF05D /* Build configuration list for PBXNativeTarget "MKInputViewDemo" */ = {
			isa = XCConfigurationList;
			buildConfigurations = (
				2603EA5F20FF21B1007BF05D /* Debug */,
				2603EA6020FF21B1007BF05D /* Release */,
			);
			defaultConfigurationIsVisible = 0;
			defaultConfigurationName = Release;
		};
		2603EA6120FF21B1007BF05D /* Build configuration list for PBXNativeTarget "MKInputViewDemoTests" */ = {
			isa = XCConfigurationList;
			buildConfigurations = (
				2603EA6220FF21B1007BF05D /* Debug */,
				2603EA6320FF21B1007BF05D /* Release */,
			);
			defaultConfigurationIsVisible = 0;
			defaultConfigurationName = Release;
		};
		2603EA6420FF21B1007BF05D /* Build configuration list for PBXNativeTarget "MKInputViewDemoUITests" */ = {
			isa = XCConfigurationList;
			buildConfigurations = (
				2603EA6520FF21B1007BF05D /* Debug */,
				2603EA6620FF21B1007BF05D /* Release */,
			);
			defaultConfigurationIsVisible = 0;
			defaultConfigurationName = Release;
		};
/* End XCConfigurationList section */
	};
	rootObject = 2603EA2A20FF21B0007BF05D /* Project object */;
}
